
Microsoft Visual Studio Solution File, Format Version 12.00
# Visual Studio Version 17
VisualStudioVersion = 17.3.32825.248
MinimumVisualStudioVersion = 10.0.40219.1
Project("{FAE04EC0-301F-11D3-BF4B-00C04F79EFBC}") = "Polymorphism2", "Polymorphism2\Polymorphism2.csproj", "{5514BD72-DE0F-4987-AF99-1963A8717964}"
EndProject
Global
	GlobalSection(SolutionConfigurationPlatforms) = preSolution
		Debug|Any CPU = Debug|Any CPU
		Release|Any CPU = Release|Any CPU
	EndGlobalSection
	GlobalSection(ProjectConfigurationPlatforms) = postSolution
		{5514BD72-DE0F-4987-AF99-1963A8717964}.Debug|Any CPU.ActiveCfg = Debug|Any CPU
		{5514BD72-DE0F-4987-AF99-1963A8717964}.Debug|Any CPU.Build.0 = Debug|Any CPU
		{5514BD72-DE0F-4987-AF99-1963A8717964}.Release|Any CPU.ActiveCfg = Release|Any CPU
		{5514BD72-DE0F-4987-AF99-1963A8717964}.Release|Any CPU.Build.0 = Release|Any CPU
	EndGlobalSection
	GlobalSection(SolutionProperties) = preSolution
		HideSolutionNode = FALSE
	EndGlobalSection
	GlobalSection(ExtensibilityGlobals) = postSolution
		SolutionGuid = {9EBC7ED9-C89F-4B1D-8699-AB5A42313781}
	EndGlobalSection
EndGlobal
